// !$*UTF8*$!
{
	archiveVersion = 1;
	classes = {
	};
	objectVersion = 55;
	objects = {

/* Begin PBXBuildFile section */
		001736B328464D41005278E6 /* CookCademyApp.swift in Sources */ = {isa = PBXBuildFile; fileRef = 001736B228464D41005278E6 /* CookCademyApp.swift */; };
		001736B528464D41005278E6 /* RecipesListView.swift in Sources */ = {isa = PBXBuildFile; fileRef = 001736B428464D41005278E6 /* RecipesListView.swift */; };
		001736B728464D44005278E6 /* Assets.xcassets in Resources */ = {isa = PBXBuildFile; fileRef = 001736B628464D44005278E6 /* Assets.xcassets */; };
		001736BA28464D44005278E6 /* Preview Assets.xcassets in Resources */ = {isa = PBXBuildFile; fileRef = 001736B928464D44005278E6 /* Preview Assets.xcassets */; };
		001736C128464DD0005278E6 /* Recipe.swift in Sources */ = {isa = PBXBuildFile; fileRef = 001736C028464DD0005278E6 /* Recipe.swift */; };
		001736E228476039005278E6 /* RecipeData.swift in Sources */ = {isa = PBXBuildFile; fileRef = 001736E128476039005278E6 /* RecipeData.swift */; };
		001736E4284764AF005278E6 /* RecipeDetailView.swift in Sources */ = {isa = PBXBuildFile; fileRef = 001736E3284764AF005278E6 /* RecipeDetailView.swift */; };
		001736E62847695A005278E6 /* AppColor.swift in Sources */ = {isa = PBXBuildFile; fileRef = 001736E52847695A005278E6 /* AppColor.swift */; };
		001737022847A259005278E6 /* RecipeCategoryGridView.swift in Sources */ = {isa = PBXBuildFile; fileRef = 001737012847A259005278E6 /* RecipeCategoryGridView.swift */; };
		0074D203284A02030053F118 /* ModifyRecipeView.swift in Sources */ = {isa = PBXBuildFile; fileRef = 0074D202284A02030053F118 /* ModifyRecipeView.swift */; };
		009865E028634E2E00DEDF26 /* ModifyMainInformationView.swift in Sources */ = {isa = PBXBuildFile; fileRef = 009865DF28634E2E00DEDF26 /* ModifyMainInformationView.swift */; };
/* End PBXBuildFile section */

/* Begin PBXFileReference section */
		001736AF28464D41005278E6 /* CookCademy.app */ = {isa = PBXFileReference; explicitFileType = wrapper.application; includeInIndex = 0; path = CookCademy.app; sourceTree = BUILT_PRODUCTS_DIR; };
		001736B228464D41005278E6 /* CookCademyApp.swift */ = {isa = PBXFileReference; lastKnownFileType = sourcecode.swift; path = CookCademyApp.swift; sourceTree = "<group>"; };
		001736B428464D41005278E6 /* RecipesListView.swift */ = {isa = PBXFileReference; lastKnownFileType = sourcecode.swift; path = RecipesListView.swift; sourceTree = "<group>"; };
		001736B628464D44005278E6 /* Assets.xcassets */ = {isa = PBXFileReference; lastKnownFileType = folder.assetcatalog; path = Assets.xcassets; sourceTree = "<group>"; };
		001736B928464D44005278E6 /* Preview Assets.xcassets */ = {isa = PBXFileReference; lastKnownFileType = folder.assetcatalog; path = "Preview Assets.xcassets"; sourceTree = "<group>"; };
		001736C028464DD0005278E6 /* Recipe.swift */ = {isa = PBXFileReference; lastKnownFileType = sourcecode.swift; path = Recipe.swift; sourceTree = "<group>"; };
		001736E128476039005278E6 /* RecipeData.swift */ = {isa = PBXFileReference; lastKnownFileType = sourcecode.swift; path = RecipeData.swift; sourceTree = "<group>"; };
		001736E3284764AF005278E6 /* RecipeDetailView.swift */ = {isa = PBXFileReference; lastKnownFileType = sourcecode.swift; path = RecipeDetailView.swift; sourceTree = "<group>"; };
		001736E52847695A005278E6 /* AppColor.swift */ = {isa = PBXFileReference; lastKnownFileType = sourcecode.swift; path = AppColor.swift; sourceTree = "<group>"; };
		001737012847A259005278E6 /* RecipeCategoryGridView.swift */ = {isa = PBXFileReference; lastKnownFileType = sourcecode.swift; path = RecipeCategoryGridView.swift; sourceTree = "<group>"; };
		0074D202284A02030053F118 /* ModifyRecipeView.swift */ = {isa = PBXFileReference; lastKnownFileType = sourcecode.swift; path = ModifyRecipeView.swift; sourceTree = "<group>"; };
		009865DF28634E2E00DEDF26 /* ModifyMainInformationView.swift */ = {isa = PBXFileReference; lastKnownFileType = sourcecode.swift; path = ModifyMainInformationView.swift; sourceTree = "<group>"; };
/* End PBXFileReference section */

/* Begin PBXFrameworksBuildPhase section */
		001736AC28464D41005278E6 /* Frameworks */ = {
			isa = PBXFrameworksBuildPhase;
			buildActionMask = 2147483647;
			files = (
			);
			runOnlyForDeploymentPostprocessing = 0;
		};
/* End PBXFrameworksBuildPhase section */

/* Begin PBXGroup section */
		001736A628464D41005278E6 = {
			isa = PBXGroup;
			children = (
				001736B128464D41005278E6 /* CookCademy */,
				001736B028464D41005278E6 /* Products */,
			);
			sourceTree = "<group>";
		};
		001736B028464D41005278E6 /* Products */ = {
			isa = PBXGroup;
			children = (
				001736AF28464D41005278E6 /* CookCademy.app */,
			);
			name = Products;
			sourceTree = "<group>";
		};
		001736B128464D41005278E6 /* CookCademy */ = {
			isa = PBXGroup;
			children = (
				001736B228464D41005278E6 /* CookCademyApp.swift */,
				001736DF28475F30005278E6 /* ViewModels */,
				001736DE28475F28005278E6 /* Views */,
				001736E028475F36005278E6 /* Models */,
				001736B628464D44005278E6 /* Assets.xcassets */,
				001736B828464D44005278E6 /* Preview Content */,
			);
			path = CookCademy;
			sourceTree = "<group>";
		};
		001736B828464D44005278E6 /* Preview Content */ = {
			isa = PBXGroup;
			children = (
				001736B928464D44005278E6 /* Preview Assets.xcassets */,
			);
			path = "Preview Content";
			sourceTree = "<group>";
		};
		001736DE28475F28005278E6 /* Views */ = {
			isa = PBXGroup;
			children = (
				0074D201284A01A30053F118 /* ModifyRecipes */,
				0074D200284A01810053F118 /* ExploreRecipes */,
			);
			path = Views;
			sourceTree = "<group>";
		};
		001736DF28475F30005278E6 /* ViewModels */ = {
			isa = PBXGroup;
			children = (
				001736E128476039005278E6 /* RecipeData.swift */,
				001736E52847695A005278E6 /* AppColor.swift */,
			);
			path = ViewModels;
			sourceTree = "<group>";
		};
		001736E028475F36005278E6 /* Models */ = {
			isa = PBXGroup;
			children = (
				001736C028464DD0005278E6 /* Recipe.swift */,
			);
			path = Models;
			sourceTree = "<group>";
		};
		0074D200284A01810053F118 /* ExploreRecipes */ = {
			isa = PBXGroup;
			children = (
				001736B428464D41005278E6 /* RecipesListView.swift */,
				001736E3284764AF005278E6 /* RecipeDetailView.swift */,
				001737012847A259005278E6 /* RecipeCategoryGridView.swift */,
			);
			path = ExploreRecipes;
			sourceTree = "<group>";
		};
		0074D201284A01A30053F118 /* ModifyRecipes */ = {
			isa = PBXGroup;
			children = (
				0074D202284A02030053F118 /* ModifyRecipeView.swift */,
				009865DF28634E2E00DEDF26 /* ModifyMainInformationView.swift */,
			);
			path = ModifyRecipes;
			sourceTree = "<group>";
		};
/* End PBXGroup section */

/* Begin PBXNativeTarget section */
		001736AE28464D41005278E6 /* CookCademy */ = {
			isa = PBXNativeTarget;
			buildConfigurationList = 001736BD28464D44005278E6 /* Build configuration list for PBXNativeTarget "CookCademy" */;
			buildPhases = (
				001736AB28464D41005278E6 /* Sources */,
				001736AC28464D41005278E6 /* Frameworks */,
				001736AD28464D41005278E6 /* Resources */,
			);
			buildRules = (
			);
			dependencies = (
			);
			name = CookCademy;
			productName = CookCademy;
			productReference = 001736AF28464D41005278E6 /* CookCademy.app */;
			productType = "com.apple.product-type.application";
		};
/* End PBXNativeTarget section */

/* Begin PBXProject section */
		001736A728464D41005278E6 /* Project object */ = {
			isa = PBXProject;
			attributes = {
				BuildIndependentTargetsInParallel = 1;
				LastSwiftUpdateCheck = 1340;
				LastUpgradeCheck = 1340;
				TargetAttributes = {
					001736AE28464D41005278E6 = {
						CreatedOnToolsVersion = 13.4;
					};
				};
			};
			buildConfigurationList = 001736AA28464D41005278E6 /* Build configuration list for PBXProject "CookCademy" */;
			compatibilityVersion = "Xcode 13.0";
			developmentRegion = en;
			hasScannedForEncodings = 0;
			knownRegions = (
				en,
				Base,
			);
			mainGroup = 001736A628464D41005278E6;
			productRefGroup = 001736B028464D41005278E6 /* Products */;
			projectDirPath = "";
			projectRoot = "";
			targets = (
				001736AE28464D41005278E6 /* CookCademy */,
			);
		};
/* End PBXProject section */

/* Begin PBXResourcesBuildPhase section */
		001736AD28464D41005278E6 /* Resources */ = {
			isa = PBXResourcesBuildPhase;
			buildActionMask = 2147483647;
			files = (
				001736BA28464D44005278E6 /* Preview Assets.xcassets in Resources */,
				001736B728464D44005278E6 /* Assets.xcassets in Resources */,
			);
			runOnlyForDeploymentPostprocessing = 0;
		};
/* End PBXResourcesBuildPhase section */

/* Begin PBXSourcesBuildPhase section */
		001736AB28464D41005278E6 /* Sources */ = {
			isa = PBXSourcesBuildPhase;
			buildActionMask = 2147483647;
			files = (
				001736C128464DD0005278E6 /* Recipe.swift in Sources */,
				001736E4284764AF005278E6 /* RecipeDetailView.swift in Sources */,
				001737022847A259005278E6 /* RecipeCategoryGridView.swift in Sources */,
				001736E228476039005278E6 /* RecipeData.swift in Sources */,
				0074D203284A02030053F118 /* ModifyRecipeView.swift in Sources */,
				001736B528464D41005278E6 /* RecipesListView.swift in Sources */,
				001736B328464D41005278E6 /* CookCademyApp.swift in Sources */,
				009865E028634E2E00DEDF26 /* ModifyMainInformationView.swift in Sources */,
				001736E62847695A005278E6 /* AppColor.swift in Sources */,
			);
			runOnlyForDeploymentPostprocessing = 0;
		};
/* End PBXSourcesBuildPhase section */

/* Begin XCBuildConfiguration section */
		001736BB28464D44005278E6 /* Debug */ = {
			isa = XCBuildConfiguration;
			buildSettings = {
				ALWAYS_SEARCH_USER_PATHS = NO;
				CLANG_ANALYZER_NONNULL = YES;
				CLANG_ANALYZER_NUMBER_OBJECT_CONVERSION = YES_AGGRESSIVE;
				CLANG_CXX_LANGUAGE_STANDARD = "gnu++17";
				CLANG_ENABLE_MODULES = YES;
				CLANG_ENABLE_OBJC_ARC = YES;
				CLANG_ENABLE_OBJC_WEAK = YES;
				CLANG_WARN_BLOCK_CAPTURE_AUTORELEASING = YES;
				CLANG_WARN_BOOL_CONVERSION = YES;
				CLANG_WARN_COMMA = YES;
				CLANG_WARN_CONSTANT_CONVERSION = YES;
				CLANG_WARN_DEPRECATED_OBJC_IMPLEMENTATIONS = YES;
				CLANG_WARN_DIRECT_OBJC_ISA_USAGE = YES_ERROR;
				CLANG_WARN_DOCUMENTATION_COMMENTS = YES;
				CLANG_WARN_EMPTY_BODY = YES;
				CLANG_WARN_ENUM_CONVERSION = YES;
				CLANG_WARN_INFINITE_RECURSION = YES;
				CLANG_WARN_INT_CONVERSION = YES;
				CLANG_WARN_NON_LITERAL_NULL_CONVERSION = YES;
				CLANG_WARN_OBJC_IMPLICIT_RETAIN_SELF = YES;
				CLANG_WARN_OBJC_LITERAL_CONVERSION = YES;
				CLANG_WARN_OBJC_ROOT_CLASS = YES_ERROR;
				CLANG_WARN_QUOTED_INCLUDE_IN_FRAMEWORK_HEADER = YES;
				CLANG_WARN_RANGE_LOOP_ANALYSIS = YES;
				CLANG_WARN_STRICT_PROTOTYPES = YES;
				CLANG_WARN_SUSPICIOUS_MOVE = YES;
				CLANG_WARN_UNGUARDED_AVAILABILITY = YES_AGGRESSIVE;
				CLANG_WARN_UNREACHABLE_CODE = YES;
				CLANG_WARN__DUPLICATE_METHOD_MATCH = YES;
				COPY_PHASE_STRIP = NO;
				DEBUG_INFORMATION_FORMAT = dwarf;
				ENABLE_STRICT_OBJC_MSGSEND = YES;
				ENABLE_TESTABILITY = YES;
				GCC_C_LANGUAGE_STANDARD = gnu11;
				GCC_DYNAMIC_NO_PIC = NO;
				GCC_NO_COMMON_BLOCKS = YES;
				GCC_OPTIMIZATION_LEVEL = 0;
				GCC_PREPROCESSOR_DEFINITIONS = (
					"DEBUG=1",
					"$(inherited)",
				);
				GCC_WARN_64_TO_32_BIT_CONVERSION = YES;
				GCC_WARN_ABOUT_RETURN_TYPE = YES_ERROR;
				GCC_WARN_UNDECLARED_SELECTOR = YES;
				GCC_WARN_UNINITIALIZED_AUTOS = YES_AGGRESSIVE;
				GCC_WARN_UNUSED_FUNCTION = YES;
				GCC_WARN_UNUSED_VARIABLE = YES;
				IPHONEOS_DEPLOYMENT_TARGET = 15.5;
				MTL_ENABLE_DEBUG_INFO = INCLUDE_SOURCE;
				MTL_FAST_MATH = YES;
				ONLY_ACTIVE_ARCH = YES;
				SDKROOT = iphoneos;
				SWIFT_ACTIVE_COMPILATION_CONDITIONS = DEBUG;
				SWIFT_OPTIMIZATION_LEVEL = "-Onone";
			};
			name = Debug;
		};
		001736BC28464D44005278E6 /* Release */ = {
			isa = XCBuildConfiguration;
			buildSettings = {
				ALWAYS_SEARCH_USER_PATHS = NO;
				CLANG_ANALYZER_NONNULL = YES;
				CLANG_ANALYZER_NUMBER_OBJECT_CONVERSION = YES_AGGRESSIVE;
				CLANG_CXX_LANGUAGE_STANDARD = "gnu++17";
				CLANG_ENABLE_MODULES = YES;
				CLANG_ENABLE_OBJC_ARC = YES;
				CLANG_ENABLE_OBJC_WEAK = YES;
				CLANG_WARN_BLOCK_CAPTURE_AUTORELEASING = YES;
				CLANG_WARN_BOOL_CONVERSION = YES;
				CLANG_WARN_COMMA = YES;
				CLANG_WARN_CONSTANT_CONVERSION = YES;
				CLANG_WARN_DEPRECATED_OBJC_IMPLEMENTATIONS = YES;
				CLANG_WARN_DIRECT_OBJC_ISA_USAGE = YES_ERROR;
				CLANG_WARN_DOCUMENTATION_COMMENTS = YES;
				CLANG_WARN_EMPTY_BODY = YES;
				CLANG_WARN_ENUM_CONVERSION = YES;
				CLANG_WARN_INFINITE_RECURSION = YES;
				CLANG_WARN_INT_CONVERSION = YES;
				CLANG_WARN_NON_LITERAL_NULL_CONVERSION = YES;
				CLANG_WARN_OBJC_IMPLICIT_RETAIN_SELF = YES;
				CLANG_WARN_OBJC_LITERAL_CONVERSION = YES;
				CLANG_WARN_OBJC_ROOT_CLASS = YES_ERROR;
				CLANG_WARN_QUOTED_INCLUDE_IN_FRAMEWORK_HEADER = YES;
				CLANG_WARN_RANGE_LOOP_ANALYSIS = YES;
				CLANG_WARN_STRICT_PROTOTYPES = YES;
				CLANG_WARN_SUSPICIOUS_MOVE = YES;
				CLANG_WARN_UNGUARDED_AVAILABILITY = YES_AGGRESSIVE;
				CLANG_WARN_UNREACHABLE_CODE = YES;
				CLANG_WARN__DUPLICATE_METHOD_MATCH = YES;
				COPY_PHASE_STRIP = NO;
				DEBUG_INFORMATION_FORMAT = "dwarf-with-dsym";
				ENABLE_NS_ASSERTIONS = NO;
				ENABLE_STRICT_OBJC_MSGSEND = YES;
				GCC_C_LANGUAGE_STANDARD = gnu11;
				GCC_NO_COMMON_BLOCKS = YES;
				GCC_WARN_64_TO_32_BIT_CONVERSION = YES;
				GCC_WARN_ABOUT_RETURN_TYPE = YES_ERROR;
				GCC_WARN_UNDECLARED_SELECTOR = YES;
				GCC_WARN_UNINITIALIZED_AUTOS = YES_AGGRESSIVE;
				GCC_WARN_UNUSED_FUNCTION = YES;
				GCC_WARN_UNUSED_VARIABLE = YES;
				IPHONEOS_DEPLOYMENT_TARGET = 15.5;
				MTL_ENABLE_DEBUG_INFO = NO;
				MTL_FAST_MATH = YES;
				SDKROOT = iphoneos;
				SWIFT_COMPILATION_MODE = wholemodule;
				SWIFT_OPTIMIZATION_LEVEL = "-O";
				VALIDATE_PRODUCT = YES;
			};
			name = Release;
		};
		001736BE28464D44005278E6 /* Debug */ = {
			isa = XCBuildConfiguration;
			buildSettings = {
				ASSETCATALOG_COMPILER_APPICON_NAME = AppIcon;
				ASSETCATALOG_COMPILER_GLOBAL_ACCENT_COLOR_NAME = AccentColor;
				CODE_SIGN_STYLE = Automatic;
				CURRENT_PROJECT_VERSION = 1;
				DEVELOPMENT_ASSET_PATHS = "\"CookCademy/Preview Content\"";
				DEVELOPMENT_TEAM = KVCLVWK89H;
				ENABLE_PREVIEWS = YES;
				GENERATE_INFOPLIST_FILE = YES;
				INFOPLIST_KEY_UIApplicationSceneManifest_Generation = YES;
				INFOPLIST_KEY_UIApplicationSupportsIndirectInputEvents = YES;
				INFOPLIST_KEY_UILaunchScreen_Generation = YES;
				INFOPLIST_KEY_UISupportedInterfaceOrientations_iPad = "UIInterfaceOrientationPortrait UIInterfaceOrientationPortraitUpsideDown UIInterfaceOrientationLandscapeLeft UIInterfaceOrientationLandscapeRight";
				INFOPLIST_KEY_UISupportedInterfaceOrientations_iPhone = "UIInterfaceOrientationPortrait UIInterfaceOrientationLandscapeLeft UIInterfaceOrientationLandscapeRight";
				LD_RUNPATH_SEARCH_PATHS = (
					"$(inherited)",
					"@executable_path/Frameworks",
				);
				MARKETING_VERSION = 1.0;
				PRODUCT_BUNDLE_IDENTIFIER = sarahlawat.CookCademy;
				PRODUCT_NAME = "$(TARGET_NAME)";
				SWIFT_EMIT_LOC_STRINGS = YES;
				SWIFT_VERSION = 5.0;
				TARGETED_DEVICE_FAMILY = "1,2";
			};
			name = Debug;
		};
		001736BF28464D44005278E6 /* Release */ = {
			isa = XCBuildConfiguration;
			buildSettings = {
				ASSETCATALOG_COMPILER_APPICON_NAME = AppIcon;
				ASSETCATALOG_COMPILER_GLOBAL_ACCENT_COLOR_NAME = AccentColor;
				CODE_SIGN_STYLE = Automatic;
				CURRENT_PROJECT_VERSION = 1;
				DEVELOPMENT_ASSET_PATHS = "\"CookCademy/Preview Content\"";
				DEVELOPMENT_TEAM = KVCLVWK89H;
				ENABLE_PREVIEWS = YES;
				GENERATE_INFOPLIST_FILE = YES;
				INFOPLIST_KEY_UIApplicationSceneManifest_Generation = YES;
				INFOPLIST_KEY_UIApplicationSupportsIndirectInputEvents = YES;
				INFOPLIST_KEY_UILaunchScreen_Generation = YES;
				INFOPLIST_KEY_UISupportedInterfaceOrientations_iPad = "UIInterfaceOrientationPortrait UIInterfaceOrientationPortraitUpsideDown UIInterfaceOrientationLandscapeLeft UIInterfaceOrientationLandscapeRight";
				INFOPLIST_KEY_UISupportedInterfaceOrientations_iPhone = "UIInterfaceOrientationPortrait UIInterfaceOrientationLandscapeLeft UIInterfaceOrientationLandscapeRight";
				LD_RUNPATH_SEARCH_PATHS = (
					"$(inherited)",
					"@executable_path/Frameworks",
				);
				MARKETING_VERSION = 1.0;
				PRODUCT_BUNDLE_IDENTIFIER = sarahlawat.CookCademy;
				PRODUCT_NAME = "$(TARGET_NAME)";
				SWIFT_EMIT_LOC_STRINGS = YES;
				SWIFT_VERSION = 5.0;
				TARGETED_DEVICE_FAMILY = "1,2";
			};
			name = Release;
		};
/* End XCBuildConfiguration section */

/* Begin XCConfigurationList section */
		001736AA28464D41005278E6 /* Build configuration list for PBXProject "CookCademy" */ = {
			isa = XCConfigurationList;
			buildConfigurations = (
				001736BB28464D44005278E6 /* Debug */,
				001736BC28464D44005278E6 /* Release */,
			);
			defaultConfigurationIsVisible = 0;
			defaultConfigurationName = Release;
		};
		001736BD28464D44005278E6 /* Build configuration list for PBXNativeTarget "CookCademy" */ = {
			isa = XCConfigurationList;
			buildConfigurations = (
				001736BE28464D44005278E6 /* Debug */,
				001736BF28464D44005278E6 /* Release */,
			);
			defaultConfigurationIsVisible = 0;
			defaultConfigurationName = Release;
		};
/* End XCConfigurationList section */
	};
	rootObject = 001736A728464D41005278E6 /* Project object */;
}
